// !$*UTF8*$!
{
	archiveVersion = 1;
	classes = {
	};
	objectVersion = 56;
	objects = {

/* Begin PBXBuildFile section */
		40EBB5672B0476480041B519 /* SnapchatDragTransitionSwiftUIApp.swift in Sources */ = {isa = PBXBuildFile; fileRef = 40EBB5662B0476480041B519 /* SnapchatDragTransitionSwiftUIApp.swift */; };
		40EBB5692B0476480041B519 /* ContentView.swift in Sources */ = {isa = PBXBuildFile; fileRef = 40EBB5682B0476480041B519 /* ContentView.swift */; };
		40EBB56E2B0476490041B519 /* Preview Assets.xcassets in Resources */ = {isa = PBXBuildFile; fileRef = 40EBB56D2B0476490041B519 /* Preview Assets.xcassets */; };
		40EBB5752B04775A0041B519 /* Assets.xcassets in Resources */ = {isa = PBXBuildFile; fileRef = 40EBB5742B04775A0041B519 /* Assets.xcassets */; };
		40EBB57B2B0477F70041B519 /* VideoFile.swift in Sources */ = {isa = PBXBuildFile; fileRef = 40EBB57A2B0477F70041B519 /* VideoFile.swift */; };
		40EBB57D2B047E8E0041B519 /* Home.swift in Sources */ = {isa = PBXBuildFile; fileRef = 40EBB57C2B047E8E0041B519 /* Home.swift */; };
		40EBB57F2B0482A40041B519 /* CardView.swift in Sources */ = {isa = PBXBuildFile; fileRef = 40EBB57E2B0482A40041B519 /* CardView.swift */; };
		40EBB5812B04B2B60041B519 /* CustomVideoPlayer.swift in Sources */ = {isa = PBXBuildFile; fileRef = 40EBB5802B04B2B60041B519 /* CustomVideoPlayer.swift */; };
		40EBB58D2B04BAD70041B519 /* Reel2.mp4 in Resources */ = {isa = PBXBuildFile; fileRef = 40EBB5882B04BAD70041B519 /* Reel2.mp4 */; };
		40EBB58E2B04BAD70041B519 /* Reel3.mp4 in Resources */ = {isa = PBXBuildFile; fileRef = 40EBB5892B04BAD70041B519 /* Reel3.mp4 */; };
		40EBB58F2B04BAD70041B519 /* Reel4.mp4 in Resources */ = {isa = PBXBuildFile; fileRef = 40EBB58A2B04BAD70041B519 /* Reel4.mp4 */; };
		40EBB5902B04BAD70041B519 /* Reel1.mp4 in Resources */ = {isa = PBXBuildFile; fileRef = 40EBB58B2B04BAD70041B519 /* Reel1.mp4 */; };
		40EBB5912B04BAD70041B519 /* Reel5.mp4 in Resources */ = {isa = PBXBuildFile; fileRef = 40EBB58C2B04BAD70041B519 /* Reel5.mp4 */; };
		40EBB5932B04FEB80041B519 /* VideoDetailView.swift in Sources */ = {isa = PBXBuildFile; fileRef = 40EBB5922B04FEB80041B519 /* VideoDetailView.swift */; };
/* End PBXBuildFile section */

/* Begin PBXFileReference section */
		40EBB5632B0476480041B519 /* SnapchatDragTransitionSwiftUI.app */ = {isa = PBXFileReference; explicitFileType = wrapper.application; includeInIndex = 0; path = SnapchatDragTransitionSwiftUI.app; sourceTree = BUILT_PRODUCTS_DIR; };
		40EBB5662B0476480041B519 /* SnapchatDragTransitionSwiftUIApp.swift */ = {isa = PBXFileReference; lastKnownFileType = sourcecode.swift; path = SnapchatDragTransitionSwiftUIApp.swift; sourceTree = "<group>"; };
		40EBB5682B0476480041B519 /* ContentView.swift */ = {isa = PBXFileReference; lastKnownFileType = sourcecode.swift; path = ContentView.swift; sourceTree = "<group>"; };
		40EBB56D2B0476490041B519 /* Preview Assets.xcassets */ = {isa = PBXFileReference; lastKnownFileType = folder.assetcatalog; path = "Preview Assets.xcassets"; sourceTree = "<group>"; };
		40EBB5742B04775A0041B519 /* Assets.xcassets */ = {isa = PBXFileReference; lastKnownFileType = folder.assetcatalog; path = Assets.xcassets; sourceTree = "<group>"; };
		40EBB57A2B0477F70041B519 /* VideoFile.swift */ = {isa = PBXFileReference; lastKnownFileType = sourcecode.swift; path = VideoFile.swift; sourceTree = "<group>"; };
		40EBB57C2B047E8E0041B519 /* Home.swift */ = {isa = PBXFileReference; lastKnownFileType = sourcecode.swift; path = Home.swift; sourceTree = "<group>"; };
		40EBB57E2B0482A40041B519 /* CardView.swift */ = {isa = PBXFileReference; lastKnownFileType = sourcecode.swift; path = CardView.swift; sourceTree = "<group>"; };
		40EBB5802B04B2B60041B519 /* CustomVideoPlayer.swift */ = {isa = PBXFileReference; lastKnownFileType = sourcecode.swift; path = CustomVideoPlayer.swift; sourceTree = "<group>"; };
		40EBB5882B04BAD70041B519 /* Reel2.mp4 */ = {isa = PBXFileReference; lastKnownFileType = file; path = Reel2.mp4; sourceTree = "<group>"; };
		40EBB5892B04BAD70041B519 /* Reel3.mp4 */ = {isa = PBXFileReference; lastKnownFileType = file; path = Reel3.mp4; sourceTree = "<group>"; };
		40EBB58A2B04BAD70041B519 /* Reel4.mp4 */ = {isa = PBXFileReference; lastKnownFileType = file; path = Reel4.mp4; sourceTree = "<group>"; };
		40EBB58B2B04BAD70041B519 /* Reel1.mp4 */ = {isa = PBXFileReference; lastKnownFileType = file; path = Reel1.mp4; sourceTree = "<group>"; };
		40EBB58C2B04BAD70041B519 /* Reel5.mp4 */ = {isa = PBXFileReference; lastKnownFileType = file; path = Reel5.mp4; sourceTree = "<group>"; };
		40EBB5922B04FEB80041B519 /* VideoDetailView.swift */ = {isa = PBXFileReference; lastKnownFileType = sourcecode.swift; path = VideoDetailView.swift; sourceTree = "<group>"; };
/* End PBXFileReference section */

/* Begin PBXFrameworksBuildPhase section */
		40EBB5602B0476480041B519 /* Frameworks */ = {
			isa = PBXFrameworksBuildPhase;
			buildActionMask = 2147483647;
			files = (
			);
			runOnlyForDeploymentPostprocessing = 0;
		};
/* End PBXFrameworksBuildPhase section */

/* Begin PBXGroup section */
		40EBB55A2B0476480041B519 = {
			isa = PBXGroup;
			children = (
				40EBB5652B0476480041B519 /* SnapchatDragTransitionSwiftUI */,
				40EBB5642B0476480041B519 /* Products */,
			);
			sourceTree = "<group>";
		};
		40EBB5642B0476480041B519 /* Products */ = {
			isa = PBXGroup;
			children = (
				40EBB5632B0476480041B519 /* SnapchatDragTransitionSwiftUI.app */,
			);
			name = Products;
			sourceTree = "<group>";
		};
		40EBB5652B0476480041B519 /* SnapchatDragTransitionSwiftUI */ = {
			isa = PBXGroup;
			children = (
				40EBB5792B0477D20041B519 /* Model */,
				40EBB5782B0477CD0041B519 /* View */,
				40EBB5662B0476480041B519 /* SnapchatDragTransitionSwiftUIApp.swift */,
				40EBB5682B0476480041B519 /* ContentView.swift */,
				40EBB5742B04775A0041B519 /* Assets.xcassets */,
				40EBB5872B04BAC70041B519 /* SampleVideos */,
				40EBB56C2B0476490041B519 /* Preview Content */,
			);
			path = SnapchatDragTransitionSwiftUI;
			sourceTree = "<group>";
		};
		40EBB56C2B0476490041B519 /* Preview Content */ = {
			isa = PBXGroup;
			children = (
				40EBB56D2B0476490041B519 /* Preview Assets.xcassets */,
			);
			path = "Preview Content";
			sourceTree = "<group>";
		};
		40EBB5782B0477CD0041B519 /* View */ = {
			isa = PBXGroup;
			children = (
				40EBB57C2B047E8E0041B519 /* Home.swift */,
				40EBB5922B04FEB80041B519 /* VideoDetailView.swift */,
				40EBB57E2B0482A40041B519 /* CardView.swift */,
				40EBB5802B04B2B60041B519 /* CustomVideoPlayer.swift */,
			);
			path = View;
			sourceTree = "<group>";
		};
		40EBB5792B0477D20041B519 /* Model */ = {
			isa = PBXGroup;
			children = (
				40EBB57A2B0477F70041B519 /* VideoFile.swift */,
			);
			path = Model;
			sourceTree = "<group>";
		};
		40EBB5872B04BAC70041B519 /* SampleVideos */ = {
			isa = PBXGroup;
			children = (
				40EBB58B2B04BAD70041B519 /* Reel1.mp4 */,
				40EBB5882B04BAD70041B519 /* Reel2.mp4 */,
				40EBB5892B04BAD70041B519 /* Reel3.mp4 */,
				40EBB58A2B04BAD70041B519 /* Reel4.mp4 */,
				40EBB58C2B04BAD70041B519 /* Reel5.mp4 */,
			);
			path = SampleVideos;
			sourceTree = "<group>";
		};
/* End PBXGroup section */

/* Begin PBXNativeTarget section */
		40EBB5622B0476480041B519 /* SnapchatDragTransitionSwiftUI */ = {
			isa = PBXNativeTarget;
			buildConfigurationList = 40EBB5712B0476490041B519 /* Build configuration list for PBXNativeTarget "SnapchatDragTransitionSwiftUI" */;
			buildPhases = (
				40EBB55F2B0476480041B519 /* Sources */,
				40EBB5602B0476480041B519 /* Frameworks */,
				40EBB5612B0476480041B519 /* Resources */,
			);
			buildRules = (
			);
			dependencies = (
			);
			name = SnapchatDragTransitionSwiftUI;
			productName = SnapchatDragTransitionSwiftUI;
			productReference = 40EBB5632B0476480041B519 /* SnapchatDragTransitionSwiftUI.app */;
			productType = "com.apple.product-type.application";
		};
/* End PBXNativeTarget section */

/* Begin PBXProject section */
		40EBB55B2B0476480041B519 /* Project object */ = {
			isa = PBXProject;
			attributes = {
				BuildIndependentTargetsInParallel = 1;
				LastSwiftUpdateCheck = 1500;
				LastUpgradeCheck = 1500;
				TargetAttributes = {
					40EBB5622B0476480041B519 = {
						CreatedOnToolsVersion = 15.0.1;
					};
				};
			};
			buildConfigurationList = 40EBB55E2B0476480041B519 /* Build configuration list for PBXProject "SnapchatDragTransitionSwiftUI" */;
			compatibilityVersion = "Xcode 14.0";
			developmentRegion = en;
			hasScannedForEncodings = 0;
			knownRegions = (
				en,
				Base,
			);
			mainGroup = 40EBB55A2B0476480041B519;
			productRefGroup = 40EBB5642B0476480041B519 /* Products */;
			projectDirPath = "";
			projectRoot = "";
			targets = (
				40EBB5622B0476480041B519 /* SnapchatDragTransitionSwiftUI */,
			);
		};
/* End PBXProject section */

/* Begin PBXResourcesBuildPhase section */
		40EBB5612B0476480041B519 /* Resources */ = {
			isa = PBXResourcesBuildPhase;
			buildActionMask = 2147483647;
			files = (
				40EBB5752B04775A0041B519 /* Assets.xcassets in Resources */,
				40EBB56E2B0476490041B519 /* Preview Assets.xcassets in Resources */,
				40EBB5912B04BAD70041B519 /* Reel5.mp4 in Resources */,
				40EBB58D2B04BAD70041B519 /* Reel2.mp4 in Resources */,
				40EBB58E2B04BAD70041B519 /* Reel3.mp4 in Resources */,
				40EBB58F2B04BAD70041B519 /* Reel4.mp4 in Resources */,
				40EBB5902B04BAD70041B519 /* Reel1.mp4 in Resources */,
			);
			runOnlyForDeploymentPostprocessing = 0;
		};
/* End PBXResourcesBuildPhase section */

/* Begin PBXSourcesBuildPhase section */
		40EBB55F2B0476480041B519 /* Sources */ = {
			isa = PBXSourcesBuildPhase;
			buildActionMask = 2147483647;
			files = (
				40EBB5932B04FEB80041B519 /* VideoDetailView.swift in Sources */,
				40EBB57B2B0477F70041B519 /* VideoFile.swift in Sources */,
				40EBB5692B0476480041B519 /* ContentView.swift in Sources */,
				40EBB57D2B047E8E0041B519 /* Home.swift in Sources */,
				40EBB5672B0476480041B519 /* SnapchatDragTransitionSwiftUIApp.swift in Sources */,
				40EBB57F2B0482A40041B519 /* CardView.swift in Sources */,
				40EBB5812B04B2B60041B519 /* CustomVideoPlayer.swift in Sources */,
			);
			runOnlyForDeploymentPostprocessing = 0;
		};
/* End PBXSourcesBuildPhase section */

/* Begin XCBuildConfiguration section */
		40EBB56F2B0476490041B519 /* Debug */ = {
			isa = XCBuildConfiguration;
			buildSettings = {
				ALWAYS_SEARCH_USER_PATHS = NO;
				ASSETCATALOG_COMPILER_GENERATE_SWIFT_ASSET_SYMBOL_EXTENSIONS = YES;
				CLANG_ANALYZER_NONNULL = YES;
				CLANG_ANALYZER_NUMBER_OBJECT_CONVERSION = YES_AGGRESSIVE;
				CLANG_CXX_LANGUAGE_STANDARD = "gnu++20";
				CLANG_ENABLE_MODULES = YES;
				CLANG_ENABLE_OBJC_ARC = YES;
				CLANG_ENABLE_OBJC_WEAK = YES;
				CLANG_WARN_BLOCK_CAPTURE_AUTORELEASING = YES;
				CLANG_WARN_BOOL_CONVERSION = YES;
				CLANG_WARN_COMMA = YES;
				CLANG_WARN_CONSTANT_CONVERSION = YES;
				CLANG_WARN_DEPRECATED_OBJC_IMPLEMENTATIONS = YES;
				CLANG_WARN_DIRECT_OBJC_ISA_USAGE = YES_ERROR;
				CLANG_WARN_DOCUMENTATION_COMMENTS = YES;
				CLANG_WARN_EMPTY_BODY = YES;
				CLANG_WARN_ENUM_CONVERSION = YES;
				CLANG_WARN_INFINITE_RECURSION = YES;
				CLANG_WARN_INT_CONVERSION = YES;
				CLANG_WARN_NON_LITERAL_NULL_CONVERSION = YES;
				CLANG_WARN_OBJC_IMPLICIT_RETAIN_SELF = YES;
				CLANG_WARN_OBJC_LITERAL_CONVERSION = YES;
				CLANG_WARN_OBJC_ROOT_CLASS = YES_ERROR;
				CLANG_WARN_QUOTED_INCLUDE_IN_FRAMEWORK_HEADER = YES;
				CLANG_WARN_RANGE_LOOP_ANALYSIS = YES;
				CLANG_WARN_STRICT_PROTOTYPES = YES;
				CLANG_WARN_SUSPICIOUS_MOVE = YES;
				CLANG_WARN_UNGUARDED_AVAILABILITY = YES_AGGRESSIVE;
				CLANG_WARN_UNREACHABLE_CODE = YES;
				CLANG_WARN__DUPLICATE_METHOD_MATCH = YES;
				COPY_PHASE_STRIP = NO;
				DEBUG_INFORMATION_FORMAT = dwarf;
				ENABLE_STRICT_OBJC_MSGSEND = YES;
				ENABLE_TESTABILITY = YES;
				ENABLE_USER_SCRIPT_SANDBOXING = YES;
				GCC_C_LANGUAGE_STANDARD = gnu17;
				GCC_DYNAMIC_NO_PIC = NO;
				GCC_NO_COMMON_BLOCKS = YES;
				GCC_OPTIMIZATION_LEVEL = 0;
				GCC_PREPROCESSOR_DEFINITIONS = (
					"DEBUG=1",
					"$(inherited)",
				);
				GCC_WARN_64_TO_32_BIT_CONVERSION = YES;
				GCC_WARN_ABOUT_RETURN_TYPE = YES_ERROR;
				GCC_WARN_UNDECLARED_SELECTOR = YES;
				GCC_WARN_UNINITIALIZED_AUTOS = YES_AGGRESSIVE;
				GCC_WARN_UNUSED_FUNCTION = YES;
				GCC_WARN_UNUSED_VARIABLE = YES;
				IPHONEOS_DEPLOYMENT_TARGET = 17.0;
				LOCALIZATION_PREFERS_STRING_CATALOGS = YES;
				MTL_ENABLE_DEBUG_INFO = INCLUDE_SOURCE;
				MTL_FAST_MATH = YES;
				ONLY_ACTIVE_ARCH = YES;
				SDKROOT = iphoneos;
				SWIFT_ACTIVE_COMPILATION_CONDITIONS = "DEBUG $(inherited)";
				SWIFT_OPTIMIZATION_LEVEL = "-Onone";
			};
			name = Debug;
		};
		40EBB5702B0476490041B519 /* Release */ = {
			isa = XCBuildConfiguration;
			buildSettings = {
				ALWAYS_SEARCH_USER_PATHS = NO;
				ASSETCATALOG_COMPILER_GENERATE_SWIFT_ASSET_SYMBOL_EXTENSIONS = YES;
				CLANG_ANALYZER_NONNULL = YES;
				CLANG_ANALYZER_NUMBER_OBJECT_CONVERSION = YES_AGGRESSIVE;
				CLANG_CXX_LANGUAGE_STANDARD = "gnu++20";
				CLANG_ENABLE_MODULES = YES;
				CLANG_ENABLE_OBJC_ARC = YES;
				CLANG_ENABLE_OBJC_WEAK = YES;
				CLANG_WARN_BLOCK_CAPTURE_AUTORELEASING = YES;
				CLANG_WARN_BOOL_CONVERSION = YES;
				CLANG_WARN_COMMA = YES;
				CLANG_WARN_CONSTANT_CONVERSION = YES;
				CLANG_WARN_DEPRECATED_OBJC_IMPLEMENTATIONS = YES;
				CLANG_WARN_DIRECT_OBJC_ISA_USAGE = YES_ERROR;
				CLANG_WARN_DOCUMENTATION_COMMENTS = YES;
				CLANG_WARN_EMPTY_BODY = YES;
				CLANG_WARN_ENUM_CONVERSION = YES;
				CLANG_WARN_INFINITE_RECURSION = YES;
				CLANG_WARN_INT_CONVERSION = YES;
				CLANG_WARN_NON_LITERAL_NULL_CONVERSION = YES;
				CLANG_WARN_OBJC_IMPLICIT_RETAIN_SELF = YES;
				CLANG_WARN_OBJC_LITERAL_CONVERSION = YES;
				CLANG_WARN_OBJC_ROOT_CLASS = YES_ERROR;
				CLANG_WARN_QUOTED_INCLUDE_IN_FRAMEWORK_HEADER = YES;
				CLANG_WARN_RANGE_LOOP_ANALYSIS = YES;
				CLANG_WARN_STRICT_PROTOTYPES = YES;
				CLANG_WARN_SUSPICIOUS_MOVE = YES;
				CLANG_WARN_UNGUARDED_AVAILABILITY = YES_AGGRESSIVE;
				CLANG_WARN_UNREACHABLE_CODE = YES;
				CLANG_WARN__DUPLICATE_METHOD_MATCH = YES;
				COPY_PHASE_STRIP = NO;
				DEBUG_INFORMATION_FORMAT = "dwarf-with-dsym";
				ENABLE_NS_ASSERTIONS = NO;
				ENABLE_STRICT_OBJC_MSGSEND = YES;
				ENABLE_USER_SCRIPT_SANDBOXING = YES;
				GCC_C_LANGUAGE_STANDARD = gnu17;
				GCC_NO_COMMON_BLOCKS = YES;
				GCC_WARN_64_TO_32_BIT_CONVERSION = YES;
				GCC_WARN_ABOUT_RETURN_TYPE = YES_ERROR;
				GCC_WARN_UNDECLARED_SELECTOR = YES;
				GCC_WARN_UNINITIALIZED_AUTOS = YES_AGGRESSIVE;
				GCC_WARN_UNUSED_FUNCTION = YES;
				GCC_WARN_UNUSED_VARIABLE = YES;
				IPHONEOS_DEPLOYMENT_TARGET = 17.0;
				LOCALIZATION_PREFERS_STRING_CATALOGS = YES;
				MTL_ENABLE_DEBUG_INFO = NO;
				MTL_FAST_MATH = YES;
				SDKROOT = iphoneos;
				SWIFT_COMPILATION_MODE = wholemodule;
				VALIDATE_PRODUCT = YES;
			};
			name = Release;
		};
		40EBB5722B0476490041B519 /* Debug */ = {
			isa = XCBuildConfiguration;
			buildSettings = {
				ASSETCATALOG_COMPILER_APPICON_NAME = AppIcon;
				ASSETCATALOG_COMPILER_GLOBAL_ACCENT_COLOR_NAME = AccentColor;
				CODE_SIGN_STYLE = Automatic;
				CURRENT_PROJECT_VERSION = 1;
				DEVELOPMENT_ASSET_PATHS = "\"SnapchatDragTransitionSwiftUI/Preview Content\"";
				ENABLE_PREVIEWS = YES;
				GENERATE_INFOPLIST_FILE = YES;
				INFOPLIST_KEY_UIApplicationSceneManifest_Generation = YES;
				INFOPLIST_KEY_UIApplicationSupportsIndirectInputEvents = YES;
				INFOPLIST_KEY_UILaunchScreen_Generation = YES;
				INFOPLIST_KEY_UISupportedInterfaceOrientations_iPad = "UIInterfaceOrientationPortrait UIInterfaceOrientationPortraitUpsideDown UIInterfaceOrientationLandscapeLeft UIInterfaceOrientationLandscapeRight";
				INFOPLIST_KEY_UISupportedInterfaceOrientations_iPhone = "UIInterfaceOrientationPortrait UIInterfaceOrientationLandscapeLeft UIInterfaceOrientationLandscapeRight";
				LD_RUNPATH_SEARCH_PATHS = (
					"$(inherited)",
					"@executable_path/Frameworks",
				);
				MARKETING_VERSION = 1.0;
				PRODUCT_BUNDLE_IDENTIFIER = com.boardguy.SnapchatDragTransitionSwiftUI;
				PRODUCT_NAME = "$(TARGET_NAME)";
				SWIFT_EMIT_LOC_STRINGS = YES;
				SWIFT_VERSION = 5.0;
				TARGETED_DEVICE_FAMILY = "1,2";
			};
			name = Debug;
		};
		40EBB5732B0476490041B519 /* Release */ = {
			isa = XCBuildConfiguration;
			buildSettings = {
				ASSETCATALOG_COMPILER_APPICON_NAME = AppIcon;
				ASSETCATALOG_COMPILER_GLOBAL_ACCENT_COLOR_NAME = AccentColor;
				CODE_SIGN_STYLE = Automatic;
				CURRENT_PROJECT_VERSION = 1;
				DEVELOPMENT_ASSET_PATHS = "\"SnapchatDragTransitionSwiftUI/Preview Content\"";
				ENABLE_PREVIEWS = YES;
				GENERATE_INFOPLIST_FILE = YES;
				INFOPLIST_KEY_UIApplicationSceneManifest_Generation = YES;
				INFOPLIST_KEY_UIApplicationSupportsIndirectInputEvents = YES;
				INFOPLIST_KEY_UILaunchScreen_Generation = YES;
				INFOPLIST_KEY_UISupportedInterfaceOrientations_iPad = "UIInterfaceOrientationPortrait UIInterfaceOrientationPortraitUpsideDown UIInterfaceOrientationLandscapeLeft UIInterfaceOrientationLandscapeRight";
				INFOPLIST_KEY_UISupportedInterfaceOrientations_iPhone = "UIInterfaceOrientationPortrait UIInterfaceOrientationLandscapeLeft UIInterfaceOrientationLandscapeRight";
				LD_RUNPATH_SEARCH_PATHS = (
					"$(inherited)",
					"@executable_path/Frameworks",
				);
				MARKETING_VERSION = 1.0;
				PRODUCT_BUNDLE_IDENTIFIER = com.boardguy.SnapchatDragTransitionSwiftUI;
				PRODUCT_NAME = "$(TARGET_NAME)";
				SWIFT_EMIT_LOC_STRINGS = YES;
				SWIFT_VERSION = 5.0;
				TARGETED_DEVICE_FAMILY = "1,2";
			};
			name = Release;
		};
/* End XCBuildConfiguration section */

/* Begin XCConfigurationList section */
		40EBB55E2B0476480041B519 /* Build configuration list for PBXProject "SnapchatDragTransitionSwiftUI" */ = {
			isa = XCConfigurationList;
			buildConfigurations = (
				40EBB56F2B0476490041B519 /* Debug */,
				40EBB5702B0476490041B519 /* Release */,
			);
			defaultConfigurationIsVisible = 0;
			defaultConfigurationName = Release;
		};
		40EBB5712B0476490041B519 /* Build configuration list for PBXNativeTarget "SnapchatDragTransitionSwiftUI" */ = {
			isa = XCConfigurationList;
			buildConfigurations = (
				40EBB5722B0476490041B519 /* Debug */,
				40EBB5732B0476490041B519 /* Release */,
			);
			defaultConfigurationIsVisible = 0;
			defaultConfigurationName = Release;
		};
/* End XCConfigurationList section */
	};
	rootObject = 40EBB55B2B0476480041B519 /* Project object */;
}
